// !$*UTF8*$!
{
	archiveVersion = 1;
	classes = {
	};
	objectVersion = 52;
	objects = {

/* Begin PBXBuildFile section */
		BE27BD6225A788E700494114 /* Assets.xcassets in Resources */ = {isa = PBXBuildFile; fileRef = BE27BD6125A788E700494114 /* Assets.xcassets */; };
		BE35D87D25A7AB49005ED893 /* Modules in Frameworks */ = {isa = PBXBuildFile; productRef = BE35D87C25A7AB49005ED893 /* Modules */; };
		BE7803B625A76DBB00DE2D61 /* test_swiftgenApp.swift in Sources */ = {isa = PBXBuildFile; fileRef = BE7803B525A76DBB00DE2D61 /* test_swiftgenApp.swift */; };
		BE7803BD25A76DBC00DE2D61 /* Preview Assets.xcassets in Resources */ = {isa = PBXBuildFile; fileRef = BE7803BC25A76DBC00DE2D61 /* Preview Assets.xcassets */; };
/* End PBXBuildFile section */

/* Begin PBXFileReference section */
		BE27BD6125A788E700494114 /* Assets.xcassets */ = {isa = PBXFileReference; lastKnownFileType = folder.assetcatalog; path = Assets.xcassets; sourceTree = "<group>"; };
		BE7803B225A76DBB00DE2D61 /* test_swiftgen.app */ = {isa = PBXFileReference; explicitFileType = wrapper.application; includeInIndex = 0; path = test_swiftgen.app; sourceTree = BUILT_PRODUCTS_DIR; };
		BE7803B525A76DBB00DE2D61 /* test_swiftgenApp.swift */ = {isa = PBXFileReference; lastKnownFileType = sourcecode.swift; path = test_swiftgenApp.swift; sourceTree = "<group>"; };
		BE7803BC25A76DBC00DE2D61 /* Preview Assets.xcassets */ = {isa = PBXFileReference; lastKnownFileType = folder.assetcatalog; path = "Preview Assets.xcassets"; sourceTree = "<group>"; };
		BE7803BE25A76DBC00DE2D61 /* Info.plist */ = {isa = PBXFileReference; lastKnownFileType = text.plist.xml; path = Info.plist; sourceTree = "<group>"; };
/* End PBXFileReference section */

/* Begin PBXFrameworksBuildPhase section */
		BE7803AF25A76DBB00DE2D61 /* Frameworks */ = {
			isa = PBXFrameworksBuildPhase;
			buildActionMask = 2147483647;
			files = (
				BE35D87D25A7AB49005ED893 /* Modules in Frameworks */,
			);
			runOnlyForDeploymentPostprocessing = 0;
		};
/* End PBXFrameworksBuildPhase section */

/* Begin PBXGroup section */
		BE3CEEF325A772A000AF202C /* Frameworks */ = {
			isa = PBXGroup;
			children = (
			);
			name = Frameworks;
			sourceTree = "<group>";
		};
		BE7803A925A76DBA00DE2D61 = {
			isa = PBXGroup;
			children = (
				BE7803B425A76DBB00DE2D61 /* test_swiftgen */,
				BE7803B325A76DBB00DE2D61 /* Products */,
				BE3CEEF325A772A000AF202C /* Frameworks */,
			);
			sourceTree = "<group>";
		};
		BE7803B325A76DBB00DE2D61 /* Products */ = {
			isa = PBXGroup;
			children = (
				BE7803B225A76DBB00DE2D61 /* test_swiftgen.app */,
			);
			name = Products;
			sourceTree = "<group>";
		};
		BE7803B425A76DBB00DE2D61 /* test_swiftgen */ = {
			isa = PBXGroup;
			children = (
				BE7803B525A76DBB00DE2D61 /* test_swiftgenApp.swift */,
				BE7803BE25A76DBC00DE2D61 /* Info.plist */,
				BE27BD6125A788E700494114 /* Assets.xcassets */,
				BE7803BB25A76DBC00DE2D61 /* Preview Content */,
			);
			path = test_swiftgen;
			sourceTree = "<group>";
		};
		BE7803BB25A76DBC00DE2D61 /* Preview Content */ = {
			isa = PBXGroup;
			children = (
				BE7803BC25A76DBC00DE2D61 /* Preview Assets.xcassets */,
			);
			path = "Preview Content";
			sourceTree = "<group>";
		};
/* End PBXGroup section */

/* Begin PBXNativeTarget section */
		BE7803B125A76DBB00DE2D61 /* test_swiftgen */ = {
			isa = PBXNativeTarget;
			buildConfigurationList = BE7803D725A76DBC00DE2D61 /* Build configuration list for PBXNativeTarget "test_swiftgen" */;
			buildPhases = (
				BE7803AE25A76DBB00DE2D61 /* Sources */,
				BE7803AF25A76DBB00DE2D61 /* Frameworks */,
				BE7803B025A76DBB00DE2D61 /* Resources */,
			);
			buildRules = (
			);
			dependencies = (
			);
			name = test_swiftgen;
			packageProductDependencies = (
				BE35D87C25A7AB49005ED893 /* Modules */,
			);
			productName = test_swiftgen;
			productReference = BE7803B225A76DBB00DE2D61 /* test_swiftgen.app */;
			productType = "com.apple.product-type.application";
		};
/* End PBXNativeTarget section */

/* Begin PBXProject section */
		BE7803AA25A76DBA00DE2D61 /* Project object */ = {
			isa = PBXProject;
			attributes = {
				LastSwiftUpdateCheck = 1230;
				LastUpgradeCheck = 1230;
				TargetAttributes = {
					BE7803B125A76DBB00DE2D61 = {
						CreatedOnToolsVersion = 12.3;
					};
				};
			};
			buildConfigurationList = BE7803AD25A76DBA00DE2D61 /* Build configuration list for PBXProject "test_swiftgen" */;
			compatibilityVersion = "Xcode 9.3";
			developmentRegion = en;
			hasScannedForEncodings = 0;
			knownRegions = (
				en,
				Base,
			);
			mainGroup = BE7803A925A76DBA00DE2D61;
			productRefGroup = BE7803B325A76DBB00DE2D61 /* Products */;
			projectDirPath = "";
			projectRoot = "";
			targets = (
				BE7803B125A76DBB00DE2D61 /* test_swiftgen */,
			);
		};
/* End PBXProject section */

/* Begin PBXResourcesBuildPhase section */
		BE7803B025A76DBB00DE2D61 /* Resources */ = {
			isa = PBXResourcesBuildPhase;
			buildActionMask = 2147483647;
			files = (
				BE27BD6225A788E700494114 /* Assets.xcassets in Resources */,
				BE7803BD25A76DBC00DE2D61 /* Preview Assets.xcassets in Resources */,
			);
			runOnlyForDeploymentPostprocessing = 0;
		};
/* End PBXResourcesBuildPhase section */

/* Begin PBXSourcesBuildPhase section */
		BE7803AE25A76DBB00DE2D61 /* Sources */ = {
			isa = PBXSourcesBuildPhase;
			buildActionMask = 2147483647;
			files = (
				BE7803B625A76DBB00DE2D61 /* test_swiftgenApp.swift in Sources */,
			);
			runOnlyForDeploymentPostprocessing = 0;
		};
/* End PBXSourcesBuildPhase section */

/* Begin XCBuildConfiguration section */
		BE7803D525A76DBC00DE2D61 /* Debug */ = {
			isa = XCBuildConfiguration;
			buildSettings = {
				ALWAYS_SEARCH_USER_PATHS = NO;
				CLANG_ANALYZER_NONNULL = YES;
				CLANG_ANALYZER_NUMBER_OBJECT_CONVERSION = YES_AGGRESSIVE;
				CLANG_CXX_LANGUAGE_STANDARD = "gnu++14";
				CLANG_CXX_LIBRARY = "libc++";
				CLANG_ENABLE_MODULES = YES;
				CLANG_ENABLE_OBJC_ARC = YES;
				CLANG_ENABLE_OBJC_WEAK = YES;
				CLANG_WARN_BLOCK_CAPTURE_AUTORELEASING = YES;
				CLANG_WARN_BOOL_CONVERSION = YES;
				CLANG_WARN_COMMA = YES;
				CLANG_WARN_CONSTANT_CONVERSION = YES;
				CLANG_WARN_DEPRECATED_OBJC_IMPLEMENTATIONS = YES;
				CLANG_WARN_DIRECT_OBJC_ISA_USAGE = YES_ERROR;
				CLANG_WARN_DOCUMENTATION_COMMENTS = YES;
				CLANG_WARN_EMPTY_BODY = YES;
				CLANG_WARN_ENUM_CONVERSION = YES;
				CLANG_WARN_INFINITE_RECURSION = YES;
				CLANG_WARN_INT_CONVERSION = YES;
				CLANG_WARN_NON_LITERAL_NULL_CONVERSION = YES;
				CLANG_WARN_OBJC_IMPLICIT_RETAIN_SELF = YES;
				CLANG_WARN_OBJC_LITERAL_CONVERSION = YES;
				CLANG_WARN_OBJC_ROOT_CLASS = YES_ERROR;
				CLANG_WARN_QUOTED_INCLUDE_IN_FRAMEWORK_HEADER = YES;
				CLANG_WARN_RANGE_LOOP_ANALYSIS = YES;
				CLANG_WARN_STRICT_PROTOTYPES = YES;
				CLANG_WARN_SUSPICIOUS_MOVE = YES;
				CLANG_WARN_UNGUARDED_AVAILABILITY = YES_AGGRESSIVE;
				CLANG_WARN_UNREACHABLE_CODE = YES;
				CLANG_WARN__DUPLICATE_METHOD_MATCH = YES;
				COPY_PHASE_STRIP = NO;
				DEBUG_INFORMATION_FORMAT = dwarf;
				ENABLE_STRICT_OBJC_MSGSEND = YES;
				ENABLE_TESTABILITY = YES;
				GCC_C_LANGUAGE_STANDARD = gnu11;
				GCC_DYNAMIC_NO_PIC = NO;
				GCC_NO_COMMON_BLOCKS = YES;
				GCC_OPTIMIZATION_LEVEL = 0;
				GCC_PREPROCESSOR_DEFINITIONS = (
					"DEBUG=1",
					"$(inherited)",
				);
				GCC_WARN_64_TO_32_BIT_CONVERSION = YES;
				GCC_WARN_ABOUT_RETURN_TYPE = YES_ERROR;
				GCC_WARN_UNDECLARED_SELECTOR = YES;
				GCC_WARN_UNINITIALIZED_AUTOS = YES_AGGRESSIVE;
				GCC_WARN_UNUSED_FUNCTION = YES;
				GCC_WARN_UNUSED_VARIABLE = YES;
				IPHONEOS_DEPLOYMENT_TARGET = 14.3;
				MTL_ENABLE_DEBUG_INFO = INCLUDE_SOURCE;
				MTL_FAST_MATH = YES;
				ONLY_ACTIVE_ARCH = YES;
				SDKROOT = iphoneos;
				SWIFT_ACTIVE_COMPILATION_CONDITIONS = DEBUG;
				SWIFT_OPTIMIZATION_LEVEL = "-Onone";
			};
			name = Debug;
		};
		BE7803D625A76DBC00DE2D61 /* Release */ = {
			isa = XCBuildConfiguration;
			buildSettings = {
				ALWAYS_SEARCH_USER_PATHS = NO;
				CLANG_ANALYZER_NONNULL = YES;
				CLANG_ANALYZER_NUMBER_OBJECT_CONVERSION = YES_AGGRESSIVE;
				CLANG_CXX_LANGUAGE_STANDARD = "gnu++14";
				CLANG_CXX_LIBRARY = "libc++";
				CLANG_ENABLE_MODULES = YES;
				CLANG_ENABLE_OBJC_ARC = YES;
				CLANG_ENABLE_OBJC_WEAK = YES;
				CLANG_WARN_BLOCK_CAPTURE_AUTORELEASING = YES;
				CLANG_WARN_BOOL_CONVERSION = YES;
				CLANG_WARN_COMMA = YES;
				CLANG_WARN_CONSTANT_CONVERSION = YES;
				CLANG_WARN_DEPRECATED_OBJC_IMPLEMENTATIONS = YES;
				CLANG_WARN_DIRECT_OBJC_ISA_USAGE = YES_ERROR;
				CLANG_WARN_DOCUMENTATION_COMMENTS = YES;
				CLANG_WARN_EMPTY_BODY = YES;
				CLANG_WARN_ENUM_CONVERSION = YES;
				CLANG_WARN_INFINITE_RECURSION = YES;
				CLANG_WARN_INT_CONVERSION = YES;
				CLANG_WARN_NON_LITERAL_NULL_CONVERSION = YES;
				CLANG_WARN_OBJC_IMPLICIT_RETAIN_SELF = YES;
				CLANG_WARN_OBJC_LITERAL_CONVERSION = YES;
				CLANG_WARN_OBJC_ROOT_CLASS = YES_ERROR;
				CLANG_WARN_QUOTED_INCLUDE_IN_FRAMEWORK_HEADER = YES;
				CLANG_WARN_RANGE_LOOP_ANALYSIS = YES;
				CLANG_WARN_STRICT_PROTOTYPES = YES;
				CLANG_WARN_SUSPICIOUS_MOVE = YES;
				CLANG_WARN_UNGUARDED_AVAILABILITY = YES_AGGRESSIVE;
				CLANG_WARN_UNREACHABLE_CODE = YES;
				CLANG_WARN__DUPLICATE_METHOD_MATCH = YES;
				COPY_PHASE_STRIP = NO;
				DEBUG_INFORMATION_FORMAT = "dwarf-with-dsym";
				ENABLE_NS_ASSERTIONS = NO;
				ENABLE_STRICT_OBJC_MSGSEND = YES;
				GCC_C_LANGUAGE_STANDARD = gnu11;
				GCC_NO_COMMON_BLOCKS = YES;
				GCC_WARN_64_TO_32_BIT_CONVERSION = YES;
				GCC_WARN_ABOUT_RETURN_TYPE = YES_ERROR;
				GCC_WARN_UNDECLARED_SELECTOR = YES;
				GCC_WARN_UNINITIALIZED_AUTOS = YES_AGGRESSIVE;
				GCC_WARN_UNUSED_FUNCTION = YES;
				GCC_WARN_UNUSED_VARIABLE = YES;
				IPHONEOS_DEPLOYMENT_TARGET = 14.3;
				MTL_ENABLE_DEBUG_INFO = NO;
				MTL_FAST_MATH = YES;
				SDKROOT = iphoneos;
				SWIFT_COMPILATION_MODE = wholemodule;
				SWIFT_OPTIMIZATION_LEVEL = "-O";
				VALIDATE_PRODUCT = YES;
			};
			name = Release;
		};
		BE7803D825A76DBC00DE2D61 /* Debug */ = {
			isa = XCBuildConfiguration;
			buildSettings = {
				ASSETCATALOG_COMPILER_GLOBAL_ACCENT_COLOR_NAME = AccentColor;
				CODE_SIGN_STYLE = Automatic;
				DEVELOPMENT_ASSET_PATHS = "\"test_swiftgen/Preview Content\"";
				DEVELOPMENT_TEAM = KH7X9H9X6J;
				ENABLE_PREVIEWS = YES;
				INFOPLIST_FILE = test_swiftgen/Info.plist;
				IPHONEOS_DEPLOYMENT_TARGET = 14.0;
				LD_RUNPATH_SEARCH_PATHS = (
					"$(inherited)",
					"@executable_path/Frameworks",
				);
				PRODUCT_BUNDLE_IDENTIFIER = "br.com.hcjordao.test-swiftgen.test-swiftgen";
				PRODUCT_NAME = "$(TARGET_NAME)";
				SWIFT_VERSION = 5.0;
				TARGETED_DEVICE_FAMILY = "1,2";
				VALIDATE_PRODUCT = YES;
			};
			name = Debug;
		};
		BE7803D925A76DBC00DE2D61 /* Release */ = {
			isa = XCBuildConfiguration;
			buildSettings = {
				ASSETCATALOG_COMPILER_GLOBAL_ACCENT_COLOR_NAME = AccentColor;
				CODE_SIGN_STYLE = Automatic;
				DEVELOPMENT_ASSET_PATHS = "\"test_swiftgen/Preview Content\"";
				DEVELOPMENT_TEAM = KH7X9H9X6J;
				ENABLE_PREVIEWS = YES;
				INFOPLIST_FILE = test_swiftgen/Info.plist;
				IPHONEOS_DEPLOYMENT_TARGET = 14.0;
				LD_RUNPATH_SEARCH_PATHS = (
					"$(inherited)",
					"@executable_path/Frameworks",
				);
				PRODUCT_BUNDLE_IDENTIFIER = "br.com.hcjordao.test-swiftgen.test-swiftgen";
				PRODUCT_NAME = "$(TARGET_NAME)";
				SWIFT_VERSION = 5.0;
				TARGETED_DEVICE_FAMILY = "1,2";
			};
			name = Release;
		};
/* End XCBuildConfiguration section */

/* Begin XCConfigurationList section */
		BE7803AD25A76DBA00DE2D61 /* Build configuration list for PBXProject "test_swiftgen" */ = {
			isa = XCConfigurationList;
			buildConfigurations = (
				BE7803D525A76DBC00DE2D61 /* Debug */,
				BE7803D625A76DBC00DE2D61 /* Release */,
			);
			defaultConfigurationIsVisible = 0;
			defaultConfigurationName = Release;
		};
		BE7803D725A76DBC00DE2D61 /* Build configuration list for PBXNativeTarget "test_swiftgen" */ = {
			isa = XCConfigurationList;
			buildConfigurations = (
				BE7803D825A76DBC00DE2D61 /* Debug */,
				BE7803D925A76DBC00DE2D61 /* Release */,
			);
			defaultConfigurationIsVisible = 0;
			defaultConfigurationName = Release;
		};
/* End XCConfigurationList section */

/* Begin XCSwiftPackageProductDependency section */
		BE35D87C25A7AB49005ED893 /* Modules */ = {
			isa = XCSwiftPackageProductDependency;
			productName = Modules;
		};
/* End XCSwiftPackageProductDependency section */
	};
	rootObject = BE7803AA25A76DBA00DE2D61 /* Project object */;
}
